// !$*UTF8*$!
{
	archiveVersion = 1;
	classes = {
	};
	objectVersion = 56;
	objects = {

/* Begin PBXBuildFile section */
		1C0415E52B118812008B7E98 /* UserManager.swift in Sources */ = {isa = PBXBuildFile; fileRef = 1C0415E42B118812008B7E98 /* UserManager.swift */; };
		1C0415E72B13F542008B7E98 /* ProfileViewModel.swift in Sources */ = {isa = PBXBuildFile; fileRef = 1C0415E62B13F542008B7E98 /* ProfileViewModel.swift */; };
		1C0415E92B14BFD1008B7E98 /* FirebaseStorage in Frameworks */ = {isa = PBXBuildFile; productRef = 1C0415E82B14BFD1008B7E98 /* FirebaseStorage */; };
		1C0415EB2B14C136008B7E98 /* PhotoPicker.swift in Sources */ = {isa = PBXBuildFile; fileRef = 1C0415EA2B14C136008B7E98 /* PhotoPicker.swift */; };
		1C0415EE2B17ED24008B7E98 /* HealthKitManager.swift in Sources */ = {isa = PBXBuildFile; fileRef = 1C0415ED2B17ED24008B7E98 /* HealthKitManager.swift */; };
		1C19F8AB2AEC1AF0007BDDE4 /* AuthenticationManager.swift in Sources */ = {isa = PBXBuildFile; fileRef = 1C19F8AA2AEC1AF0007BDDE4 /* AuthenticationManager.swift */; };
		1C19F8AD2AEFB1F9007BDDE4 /* RootView.swift in Sources */ = {isa = PBXBuildFile; fileRef = 1C19F8AC2AEFB1F9007BDDE4 /* RootView.swift */; };
		1C19F8AF2AEFB62F007BDDE4 /* SettingsView.swift in Sources */ = {isa = PBXBuildFile; fileRef = 1C19F8AE2AEFB62F007BDDE4 /* SettingsView.swift */; };
		1C19F8B32AF26DC4007BDDE4 /* SignUpView.swift in Sources */ = {isa = PBXBuildFile; fileRef = 1C19F8B22AF26DC4007BDDE4 /* SignUpView.swift */; };
		1C19F8B52AF26F16007BDDE4 /* FirebaseAnalytics in Frameworks */ = {isa = PBXBuildFile; productRef = 1C19F8B42AF26F16007BDDE4 /* FirebaseAnalytics */; };
		1C19F8B82AF7AE90007BDDE4 /* GoogleSignIn in Frameworks */ = {isa = PBXBuildFile; productRef = 1C19F8B72AF7AE90007BDDE4 /* GoogleSignIn */; };
		1C19F8BA2AF7AE90007BDDE4 /* GoogleSignInSwift in Frameworks */ = {isa = PBXBuildFile; productRef = 1C19F8B92AF7AE90007BDDE4 /* GoogleSignInSwift */; };
		1C19F8C22AF9B0AC007BDDE4 /* Utilities.swift in Sources */ = {isa = PBXBuildFile; fileRef = 1C19F8C12AF9B0AC007BDDE4 /* Utilities.swift */; };
		1C19F8C42B0176AB007BDDE4 /* SignInGoogleHelper.swift in Sources */ = {isa = PBXBuildFile; fileRef = 1C19F8C32B0176AB007BDDE4 /* SignInGoogleHelper.swift */; };
		1C9782582B428345003B8CDD /* WaterAnimationView.swift in Sources */ = {isa = PBXBuildFile; fileRef = 1C9782572B428345003B8CDD /* WaterAnimationView.swift */; };
		1CCA53E12B0DB22A005EA3DA /* FirebaseFirestore in Frameworks */ = {isa = PBXBuildFile; productRef = 1CCA53E02B0DB22A005EA3DA /* FirebaseFirestore */; };
		1CCA53E32B0DB22A005EA3DA /* FirebaseFirestoreSwift in Frameworks */ = {isa = PBXBuildFile; productRef = 1CCA53E22B0DB22A005EA3DA /* FirebaseFirestoreSwift */; };
		1CCA53E72B0DB3CD005EA3DA /* SettingsViewModel.swift in Sources */ = {isa = PBXBuildFile; fileRef = 1CCA53E62B0DB3CD005EA3DA /* SettingsViewModel.swift */; };
		1CCA53EA2B0DB4BA005EA3DA /* SignInEmailViewModel.swift in Sources */ = {isa = PBXBuildFile; fileRef = 1CCA53E92B0DB4BA005EA3DA /* SignInEmailViewModel.swift */; };
		1CCA53EC2B0DB69A005EA3DA /* SignUpViewModel.swift in Sources */ = {isa = PBXBuildFile; fileRef = 1CCA53EB2B0DB69A005EA3DA /* SignUpViewModel.swift */; };
		1CCA53EF2B0E1130005EA3DA /* ProfileView.swift in Sources */ = {isa = PBXBuildFile; fileRef = 1CCA53EE2B0E1130005EA3DA /* ProfileView.swift */; };
		1CF1A2712B37156A005B0D1F /* WaterCounterView.swift in Sources */ = {isa = PBXBuildFile; fileRef = 1CF1A2702B37156A005B0D1F /* WaterCounterView.swift */; };
		1CF1A2732B371579005B0D1F /* WaterCounterViewModel.swift in Sources */ = {isa = PBXBuildFile; fileRef = 1CF1A2722B371579005B0D1F /* WaterCounterViewModel.swift */; };
		1CF1A2772B371747005B0D1F /* MainView.swift in Sources */ = {isa = PBXBuildFile; fileRef = 1CF1A2762B371747005B0D1F /* MainView.swift */; };
		1CF1A27A2B371D24005B0D1F /* GymCounterView.swift in Sources */ = {isa = PBXBuildFile; fileRef = 1CF1A2792B371D24005B0D1F /* GymCounterView.swift */; };
		1CF1A27C2B371D34005B0D1F /* GymCounterViewModel.swift in Sources */ = {isa = PBXBuildFile; fileRef = 1CF1A27B2B371D34005B0D1F /* GymCounterViewModel.swift */; };
		1CF8A6692AE87A07008534A7 /* KaizenXApp.swift in Sources */ = {isa = PBXBuildFile; fileRef = 1CF8A6682AE87A07008534A7 /* KaizenXApp.swift */; };
		1CF8A66D2AE87A09008534A7 /* Assets.xcassets in Resources */ = {isa = PBXBuildFile; fileRef = 1CF8A66C2AE87A09008534A7 /* Assets.xcassets */; };
		1CF8A6702AE87A09008534A7 /* Preview Assets.xcassets in Resources */ = {isa = PBXBuildFile; fileRef = 1CF8A66F2AE87A09008534A7 /* Preview Assets.xcassets */; };
		1CF8A6772AE87AE2008534A7 /* ContainerView.swift in Sources */ = {isa = PBXBuildFile; fileRef = 1CF8A6762AE87AE2008534A7 /* ContainerView.swift */; };
		1CF8A67A2AE87B2E008534A7 /* SplashScreenView.swift in Sources */ = {isa = PBXBuildFile; fileRef = 1CF8A6792AE87B2E008534A7 /* SplashScreenView.swift */; };
		1CF8A6812AE87E19008534A7 /* FirebaseAnalyticsSwift in Frameworks */ = {isa = PBXBuildFile; productRef = 1CF8A6802AE87E19008534A7 /* FirebaseAnalyticsSwift */; };
		1CF8A6842AE87F7F008534A7 /* FirebaseAuth in Frameworks */ = {isa = PBXBuildFile; productRef = 1CF8A6832AE87F7F008534A7 /* FirebaseAuth */; };
		1CF8A6892AE8878C008534A7 /* SignInEmailView.swift in Sources */ = {isa = PBXBuildFile; fileRef = 1CF8A6882AE8878B008534A7 /* SignInEmailView.swift */; };
		1CFCDA9E2B180EF100F52D0C /* GoogleService-Info.plist in Resources */ = {isa = PBXBuildFile; fileRef = 1CFCDA9D2B180EF100F52D0C /* GoogleService-Info.plist */; };
/* End PBXBuildFile section */

/* Begin PBXFileReference section */
		1C0415E42B118812008B7E98 /* UserManager.swift */ = {isa = PBXFileReference; lastKnownFileType = sourcecode.swift; path = UserManager.swift; sourceTree = "<group>"; };
		1C0415E62B13F542008B7E98 /* ProfileViewModel.swift */ = {isa = PBXFileReference; lastKnownFileType = sourcecode.swift; path = ProfileViewModel.swift; sourceTree = "<group>"; };
		1C0415EA2B14C136008B7E98 /* PhotoPicker.swift */ = {isa = PBXFileReference; lastKnownFileType = sourcecode.swift; path = PhotoPicker.swift; sourceTree = "<group>"; };
		1C0415EC2B17BB75008B7E98 /* KaizenX.entitlements */ = {isa = PBXFileReference; lastKnownFileType = text.plist.entitlements; path = KaizenX.entitlements; sourceTree = "<group>"; };
		1C0415ED2B17ED24008B7E98 /* HealthKitManager.swift */ = {isa = PBXFileReference; lastKnownFileType = sourcecode.swift; path = HealthKitManager.swift; sourceTree = "<group>"; };
		1C19F8AA2AEC1AF0007BDDE4 /* AuthenticationManager.swift */ = {isa = PBXFileReference; lastKnownFileType = sourcecode.swift; path = AuthenticationManager.swift; sourceTree = "<group>"; };
		1C19F8AC2AEFB1F9007BDDE4 /* RootView.swift */ = {isa = PBXFileReference; lastKnownFileType = sourcecode.swift; path = RootView.swift; sourceTree = "<group>"; };
		1C19F8AE2AEFB62F007BDDE4 /* SettingsView.swift */ = {isa = PBXFileReference; lastKnownFileType = sourcecode.swift; path = SettingsView.swift; sourceTree = "<group>"; };
		1C19F8B22AF26DC4007BDDE4 /* SignUpView.swift */ = {isa = PBXFileReference; lastKnownFileType = sourcecode.swift; path = SignUpView.swift; sourceTree = "<group>"; };
		1C19F8C12AF9B0AC007BDDE4 /* Utilities.swift */ = {isa = PBXFileReference; lastKnownFileType = sourcecode.swift; path = Utilities.swift; sourceTree = "<group>"; };
		1C19F8C32B0176AB007BDDE4 /* SignInGoogleHelper.swift */ = {isa = PBXFileReference; lastKnownFileType = sourcecode.swift; path = SignInGoogleHelper.swift; sourceTree = "<group>"; };
		1C9782572B428345003B8CDD /* WaterAnimationView.swift */ = {isa = PBXFileReference; lastKnownFileType = sourcecode.swift; path = WaterAnimationView.swift; sourceTree = "<group>"; };
		1CCA53E62B0DB3CD005EA3DA /* SettingsViewModel.swift */ = {isa = PBXFileReference; lastKnownFileType = sourcecode.swift; path = SettingsViewModel.swift; sourceTree = "<group>"; };
		1CCA53E92B0DB4BA005EA3DA /* SignInEmailViewModel.swift */ = {isa = PBXFileReference; lastKnownFileType = sourcecode.swift; path = SignInEmailViewModel.swift; sourceTree = "<group>"; };
		1CCA53EB2B0DB69A005EA3DA /* SignUpViewModel.swift */ = {isa = PBXFileReference; lastKnownFileType = sourcecode.swift; path = SignUpViewModel.swift; sourceTree = "<group>"; };
		1CCA53EE2B0E1130005EA3DA /* ProfileView.swift */ = {isa = PBXFileReference; lastKnownFileType = sourcecode.swift; path = ProfileView.swift; sourceTree = "<group>"; };
		1CF1A2702B37156A005B0D1F /* WaterCounterView.swift */ = {isa = PBXFileReference; lastKnownFileType = sourcecode.swift; path = WaterCounterView.swift; sourceTree = "<group>"; };
		1CF1A2722B371579005B0D1F /* WaterCounterViewModel.swift */ = {isa = PBXFileReference; lastKnownFileType = sourcecode.swift; path = WaterCounterViewModel.swift; sourceTree = "<group>"; };
		1CF1A2762B371747005B0D1F /* MainView.swift */ = {isa = PBXFileReference; lastKnownFileType = sourcecode.swift; path = MainView.swift; sourceTree = "<group>"; };
		1CF1A2792B371D24005B0D1F /* GymCounterView.swift */ = {isa = PBXFileReference; lastKnownFileType = sourcecode.swift; path = GymCounterView.swift; sourceTree = "<group>"; };
		1CF1A27B2B371D34005B0D1F /* GymCounterViewModel.swift */ = {isa = PBXFileReference; lastKnownFileType = sourcecode.swift; path = GymCounterViewModel.swift; sourceTree = "<group>"; };
		1CF8A6652AE87A07008534A7 /* KaizenX.app */ = {isa = PBXFileReference; explicitFileType = wrapper.application; includeInIndex = 0; path = KaizenX.app; sourceTree = BUILT_PRODUCTS_DIR; };
		1CF8A6682AE87A07008534A7 /* KaizenXApp.swift */ = {isa = PBXFileReference; lastKnownFileType = sourcecode.swift; path = KaizenXApp.swift; sourceTree = "<group>"; };
		1CF8A66C2AE87A09008534A7 /* Assets.xcassets */ = {isa = PBXFileReference; lastKnownFileType = folder.assetcatalog; path = Assets.xcassets; sourceTree = "<group>"; };
		1CF8A66F2AE87A09008534A7 /* Preview Assets.xcassets */ = {isa = PBXFileReference; lastKnownFileType = folder.assetcatalog; path = "Preview Assets.xcassets"; sourceTree = "<group>"; };
		1CF8A6762AE87AE2008534A7 /* ContainerView.swift */ = {isa = PBXFileReference; lastKnownFileType = sourcecode.swift; path = ContainerView.swift; sourceTree = "<group>"; };
		1CF8A6792AE87B2E008534A7 /* SplashScreenView.swift */ = {isa = PBXFileReference; lastKnownFileType = sourcecode.swift; path = SplashScreenView.swift; sourceTree = "<group>"; };
		1CF8A6882AE8878B008534A7 /* SignInEmailView.swift */ = {isa = PBXFileReference; lastKnownFileType = sourcecode.swift; path = SignInEmailView.swift; sourceTree = "<group>"; };
		1CFCDA9D2B180EF100F52D0C /* GoogleService-Info.plist */ = {isa = PBXFileReference; fileEncoding = 4; lastKnownFileType = text.plist.xml; name = "GoogleService-Info.plist"; path = "../../../../Documents/GoogleService-Info.plist"; sourceTree = "<group>"; };
		1CFCDA9F2B18135100F52D0C /* Info.plist */ = {isa = PBXFileReference; fileEncoding = 4; lastKnownFileType = text.plist.xml; path = Info.plist; sourceTree = "<group>"; };
/* End PBXFileReference section */

/* Begin PBXFrameworksBuildPhase section */
		1CF8A6622AE87A07008534A7 /* Frameworks */ = {
			isa = PBXFrameworksBuildPhase;
			buildActionMask = 2147483647;
			files = (
				1C19F8BA2AF7AE90007BDDE4 /* GoogleSignInSwift in Frameworks */,
				1CF8A6812AE87E19008534A7 /* FirebaseAnalyticsSwift in Frameworks */,
				1C19F8B82AF7AE90007BDDE4 /* GoogleSignIn in Frameworks */,
				1CCA53E32B0DB22A005EA3DA /* FirebaseFirestoreSwift in Frameworks */,
				1CF8A6842AE87F7F008534A7 /* FirebaseAuth in Frameworks */,
				1C0415E92B14BFD1008B7E98 /* FirebaseStorage in Frameworks */,
				1C19F8B52AF26F16007BDDE4 /* FirebaseAnalytics in Frameworks */,
				1CCA53E12B0DB22A005EA3DA /* FirebaseFirestore in Frameworks */,
			);
			runOnlyForDeploymentPostprocessing = 0;
		};
/* End PBXFrameworksBuildPhase section */

/* Begin PBXGroup section */
		1C0415E32B1187EC008B7E98 /* Firestore */ = {
			isa = PBXGroup;
			children = (
				1C0415E42B118812008B7E98 /* UserManager.swift */,
			);
			path = Firestore;
			sourceTree = "<group>";
		};
		1C0415EF2B17ED9D008B7E98 /* ViewManager */ = {
			isa = PBXGroup;
			children = (
				1C19F8AC2AEFB1F9007BDDE4 /* RootView.swift */,
				1CF8A6762AE87AE2008534A7 /* ContainerView.swift */,
				1CF8A6792AE87B2E008534A7 /* SplashScreenView.swift */,
			);
			path = ViewManager;
			sourceTree = "<group>";
		};
		1C0415F02B17EE0C008B7E98 /* Configurations */ = {
			isa = PBXGroup;
			children = (
				1C0415EC2B17BB75008B7E98 /* KaizenX.entitlements */,
				1CFCDA9D2B180EF100F52D0C /* GoogleService-Info.plist */,
				1CFCDA9F2B18135100F52D0C /* Info.plist */,
			);
			path = Configurations;
			sourceTree = "<group>";
		};
		1C19F8C02AF9B08B007BDDE4 /* Utilities */ = {
			isa = PBXGroup;
			children = (
				1C0415EA2B14C136008B7E98 /* PhotoPicker.swift */,
				1C19F8C12AF9B0AC007BDDE4 /* Utilities.swift */,
				1C0415ED2B17ED24008B7E98 /* HealthKitManager.swift */,
			);
			path = Utilities;
			sourceTree = "<group>";
		};
		1CCA53E52B0DB3AA005EA3DA /* Settings */ = {
			isa = PBXGroup;
			children = (
				1C19F8AE2AEFB62F007BDDE4 /* SettingsView.swift */,
				1CCA53E62B0DB3CD005EA3DA /* SettingsViewModel.swift */,
			);
			path = Settings;
			sourceTree = "<group>";
		};
		1CCA53E82B0DB41C005EA3DA /* Authentication */ = {
			isa = PBXGroup;
			children = (
				1CF8A6882AE8878B008534A7 /* SignInEmailView.swift */,
				1CCA53E92B0DB4BA005EA3DA /* SignInEmailViewModel.swift */,
				1C19F8B22AF26DC4007BDDE4 /* SignUpView.swift */,
				1CCA53EB2B0DB69A005EA3DA /* SignUpViewModel.swift */,
				1C19F8AA2AEC1AF0007BDDE4 /* AuthenticationManager.swift */,
				1C19F8C32B0176AB007BDDE4 /* SignInGoogleHelper.swift */,
			);
			name = Authentication;
			path = Core/Authentication;
			sourceTree = "<group>";
		};
		1CCA53ED2B0E111D005EA3DA /* Profile */ = {
			isa = PBXGroup;
			children = (
				1CF1A2782B371D11005B0D1F /* GymCounter */,
				1CF1A2752B37172B005B0D1F /* Profile */,
				1CF1A26F2B37154B005B0D1F /* WaterCounter */,
				1CF1A2762B371747005B0D1F /* MainView.swift */,
			);
			path = Profile;
			sourceTree = "<group>";
		};
		1CF1A26F2B37154B005B0D1F /* WaterCounter */ = {
			isa = PBXGroup;
			children = (
				1CF1A2702B37156A005B0D1F /* WaterCounterView.swift */,
				1CF1A2722B371579005B0D1F /* WaterCounterViewModel.swift */,
				1C9782572B428345003B8CDD /* WaterAnimationView.swift */,
			);
			path = WaterCounter;
			sourceTree = "<group>";
		};
		1CF1A2752B37172B005B0D1F /* Profile */ = {
			isa = PBXGroup;
			children = (
				1CCA53EE2B0E1130005EA3DA /* ProfileView.swift */,
				1C0415E62B13F542008B7E98 /* ProfileViewModel.swift */,
			);
			path = Profile;
			sourceTree = "<group>";
		};
		1CF1A2782B371D11005B0D1F /* GymCounter */ = {
			isa = PBXGroup;
			children = (
				1CF1A2792B371D24005B0D1F /* GymCounterView.swift */,
				1CF1A27B2B371D34005B0D1F /* GymCounterViewModel.swift */,
			);
			path = GymCounter;
			sourceTree = "<group>";
		};
		1CF8A65C2AE87A07008534A7 = {
			isa = PBXGroup;
			children = (
				1CF8A6672AE87A07008534A7 /* KaizenX */,
				1CF8A6662AE87A07008534A7 /* Products */,
				1CF8A6822AE87F7F008534A7 /* Frameworks */,
			);
			sourceTree = "<group>";
		};
		1CF8A6662AE87A07008534A7 /* Products */ = {
			isa = PBXGroup;
			children = (
				1CF8A6652AE87A07008534A7 /* KaizenX.app */,
			);
			name = Products;
			sourceTree = "<group>";
		};
		1CF8A6672AE87A07008534A7 /* KaizenX */ = {
			isa = PBXGroup;
			children = (
				1CF8A6682AE87A07008534A7 /* KaizenXApp.swift */,
				1CCA53E82B0DB41C005EA3DA /* Authentication */,
				1CCA53ED2B0E111D005EA3DA /* Profile */,
				1CCA53E52B0DB3AA005EA3DA /* Settings */,
				1C0415E32B1187EC008B7E98 /* Firestore */,
				1C19F8C02AF9B08B007BDDE4 /* Utilities */,
				1C0415EF2B17ED9D008B7E98 /* ViewManager */,
				1C0415F02B17EE0C008B7E98 /* Configurations */,
				1CF8A66C2AE87A09008534A7 /* Assets.xcassets */,
				1CF8A66E2AE87A09008534A7 /* Preview Content */,
			);
			path = KaizenX;
			sourceTree = "<group>";
		};
		1CF8A66E2AE87A09008534A7 /* Preview Content */ = {
			isa = PBXGroup;
			children = (
				1CF8A66F2AE87A09008534A7 /* Preview Assets.xcassets */,
			);
			path = "Preview Content";
			sourceTree = "<group>";
		};
		1CF8A6822AE87F7F008534A7 /* Frameworks */ = {
			isa = PBXGroup;
			children = (
			);
			name = Frameworks;
			sourceTree = "<group>";
		};
/* End PBXGroup section */

/* Begin PBXNativeTarget section */
		1CF8A6642AE87A07008534A7 /* KaizenX */ = {
			isa = PBXNativeTarget;
			buildConfigurationList = 1CF8A6732AE87A09008534A7 /* Build configuration list for PBXNativeTarget "KaizenX" */;
			buildPhases = (
				1CF8A6612AE87A07008534A7 /* Sources */,
				1CF8A6622AE87A07008534A7 /* Frameworks */,
				1CF8A6632AE87A07008534A7 /* Resources */,
			);
			buildRules = (
			);
			dependencies = (
			);
			name = KaizenX;
			packageProductDependencies = (
				1CF8A6802AE87E19008534A7 /* FirebaseAnalyticsSwift */,
				1CF8A6832AE87F7F008534A7 /* FirebaseAuth */,
				1C19F8B42AF26F16007BDDE4 /* FirebaseAnalytics */,
				1C19F8B72AF7AE90007BDDE4 /* GoogleSignIn */,
				1C19F8B92AF7AE90007BDDE4 /* GoogleSignInSwift */,
				1CCA53E02B0DB22A005EA3DA /* FirebaseFirestore */,
				1CCA53E22B0DB22A005EA3DA /* FirebaseFirestoreSwift */,
				1C0415E82B14BFD1008B7E98 /* FirebaseStorage */,
			);
			productName = KaizenX;
			productReference = 1CF8A6652AE87A07008534A7 /* KaizenX.app */;
			productType = "com.apple.product-type.application";
		};
/* End PBXNativeTarget section */

/* Begin PBXProject section */
		1CF8A65D2AE87A07008534A7 /* Project object */ = {
			isa = PBXProject;
			attributes = {
				BuildIndependentTargetsInParallel = 1;
				LastSwiftUpdateCheck = 1500;
				LastUpgradeCheck = 1500;
				TargetAttributes = {
					1CF8A6642AE87A07008534A7 = {
						CreatedOnToolsVersion = 15.0;
					};
				};
			};
			buildConfigurationList = 1CF8A6602AE87A07008534A7 /* Build configuration list for PBXProject "KaizenX" */;
			compatibilityVersion = "Xcode 14.0";
			developmentRegion = en;
			hasScannedForEncodings = 0;
			knownRegions = (
				en,
				Base,
			);
			mainGroup = 1CF8A65C2AE87A07008534A7;
			packageReferences = (
				1CF8A67D2AE87E19008534A7 /* XCRemoteSwiftPackageReference "firebase-ios-sdk" */,
				1C19F8B62AF7AE90007BDDE4 /* XCRemoteSwiftPackageReference "GoogleSignIn-iOS" */,
			);
			productRefGroup = 1CF8A6662AE87A07008534A7 /* Products */;
			projectDirPath = "";
			projectRoot = "";
			targets = (
				1CF8A6642AE87A07008534A7 /* KaizenX */,
			);
		};
/* End PBXProject section */

/* Begin PBXResourcesBuildPhase section */
		1CF8A6632AE87A07008534A7 /* Resources */ = {
			isa = PBXResourcesBuildPhase;
			buildActionMask = 2147483647;
			files = (
				1CF8A6702AE87A09008534A7 /* Preview Assets.xcassets in Resources */,
				1CF8A66D2AE87A09008534A7 /* Assets.xcassets in Resources */,
				1CFCDA9E2B180EF100F52D0C /* GoogleService-Info.plist in Resources */,
			);
			runOnlyForDeploymentPostprocessing = 0;
		};
/* End PBXResourcesBuildPhase section */

/* Begin PBXSourcesBuildPhase section */
		1CF8A6612AE87A07008534A7 /* Sources */ = {
			isa = PBXSourcesBuildPhase;
			buildActionMask = 2147483647;
			files = (
				1C19F8AD2AEFB1F9007BDDE4 /* RootView.swift in Sources */,
				1CF1A2772B371747005B0D1F /* MainView.swift in Sources */,
				1CF1A2732B371579005B0D1F /* WaterCounterViewModel.swift in Sources */,
				1CF1A27A2B371D24005B0D1F /* GymCounterView.swift in Sources */,
				1CF8A6892AE8878C008534A7 /* SignInEmailView.swift in Sources */,
				1C19F8AF2AEFB62F007BDDE4 /* SettingsView.swift in Sources */,
				1C0415E52B118812008B7E98 /* UserManager.swift in Sources */,
				1C19F8AB2AEC1AF0007BDDE4 /* AuthenticationManager.swift in Sources */,
				1CCA53EA2B0DB4BA005EA3DA /* SignInEmailViewModel.swift in Sources */,
				1CCA53EC2B0DB69A005EA3DA /* SignUpViewModel.swift in Sources */,
				1CCA53EF2B0E1130005EA3DA /* ProfileView.swift in Sources */,
				1C0415EE2B17ED24008B7E98 /* HealthKitManager.swift in Sources */,
				1CF8A6692AE87A07008534A7 /* KaizenXApp.swift in Sources */,
				1CF1A27C2B371D34005B0D1F /* GymCounterViewModel.swift in Sources */,
				1C19F8C42B0176AB007BDDE4 /* SignInGoogleHelper.swift in Sources */,
				1C19F8B32AF26DC4007BDDE4 /* SignUpView.swift in Sources */,
				1CF8A6772AE87AE2008534A7 /* ContainerView.swift in Sources */,
				1C9782582B428345003B8CDD /* WaterAnimationView.swift in Sources */,
				1C0415EB2B14C136008B7E98 /* PhotoPicker.swift in Sources */,
				1C19F8C22AF9B0AC007BDDE4 /* Utilities.swift in Sources */,
				1CF8A67A2AE87B2E008534A7 /* SplashScreenView.swift in Sources */,
				1C0415E72B13F542008B7E98 /* ProfileViewModel.swift in Sources */,
				1CF1A2712B37156A005B0D1F /* WaterCounterView.swift in Sources */,
				1CCA53E72B0DB3CD005EA3DA /* SettingsViewModel.swift in Sources */,
			);
			runOnlyForDeploymentPostprocessing = 0;
		};
/* End PBXSourcesBuildPhase section */

/* Begin XCBuildConfiguration section */
		1CF8A6712AE87A09008534A7 /* Debug */ = {
			isa = XCBuildConfiguration;
			buildSettings = {
				ALWAYS_SEARCH_USER_PATHS = NO;
				ASSETCATALOG_COMPILER_GENERATE_SWIFT_ASSET_SYMBOL_EXTENSIONS = YES;
				CLANG_ANALYZER_NONNULL = YES;
				CLANG_ANALYZER_NUMBER_OBJECT_CONVERSION = YES_AGGRESSIVE;
				CLANG_CXX_LANGUAGE_STANDARD = "gnu++20";
				CLANG_ENABLE_MODULES = YES;
				CLANG_ENABLE_OBJC_ARC = YES;
				CLANG_ENABLE_OBJC_WEAK = YES;
				CLANG_WARN_BLOCK_CAPTURE_AUTORELEASING = YES;
				CLANG_WARN_BOOL_CONVERSION = YES;
				CLANG_WARN_COMMA = YES;
				CLANG_WARN_CONSTANT_CONVERSION = YES;
				CLANG_WARN_DEPRECATED_OBJC_IMPLEMENTATIONS = YES;
				CLANG_WARN_DIRECT_OBJC_ISA_USAGE = YES_ERROR;
				CLANG_WARN_DOCUMENTATION_COMMENTS = YES;
				CLANG_WARN_EMPTY_BODY = YES;
				CLANG_WARN_ENUM_CONVERSION = YES;
				CLANG_WARN_INFINITE_RECURSION = YES;
				CLANG_WARN_INT_CONVERSION = YES;
				CLANG_WARN_NON_LITERAL_NULL_CONVERSION = YES;
				CLANG_WARN_OBJC_IMPLICIT_RETAIN_SELF = YES;
				CLANG_WARN_OBJC_LITERAL_CONVERSION = YES;
				CLANG_WARN_OBJC_ROOT_CLASS = YES_ERROR;
				CLANG_WARN_QUOTED_INCLUDE_IN_FRAMEWORK_HEADER = YES;
				CLANG_WARN_RANGE_LOOP_ANALYSIS = YES;
				CLANG_WARN_STRICT_PROTOTYPES = YES;
				CLANG_WARN_SUSPICIOUS_MOVE = YES;
				CLANG_WARN_UNGUARDED_AVAILABILITY = YES_AGGRESSIVE;
				CLANG_WARN_UNREACHABLE_CODE = YES;
				CLANG_WARN__DUPLICATE_METHOD_MATCH = YES;
				COPY_PHASE_STRIP = NO;
				DEBUG_INFORMATION_FORMAT = dwarf;
				ENABLE_STRICT_OBJC_MSGSEND = YES;
				ENABLE_TESTABILITY = YES;
				ENABLE_USER_SCRIPT_SANDBOXING = YES;
				GCC_C_LANGUAGE_STANDARD = gnu17;
				GCC_DYNAMIC_NO_PIC = NO;
				GCC_NO_COMMON_BLOCKS = YES;
				GCC_OPTIMIZATION_LEVEL = 0;
				GCC_PREPROCESSOR_DEFINITIONS = (
					"DEBUG=1",
					"$(inherited)",
				);
				GCC_WARN_64_TO_32_BIT_CONVERSION = YES;
				GCC_WARN_ABOUT_RETURN_TYPE = YES_ERROR;
				GCC_WARN_UNDECLARED_SELECTOR = YES;
				GCC_WARN_UNINITIALIZED_AUTOS = YES_AGGRESSIVE;
				GCC_WARN_UNUSED_FUNCTION = YES;
				GCC_WARN_UNUSED_VARIABLE = YES;
				IPHONEOS_DEPLOYMENT_TARGET = 15.0;
				LOCALIZATION_PREFERS_STRING_CATALOGS = YES;
				MTL_ENABLE_DEBUG_INFO = INCLUDE_SOURCE;
				MTL_FAST_MATH = YES;
				ONLY_ACTIVE_ARCH = YES;
				SDKROOT = iphoneos;
				SWIFT_ACTIVE_COMPILATION_CONDITIONS = "DEBUG $(inherited)";
				SWIFT_OPTIMIZATION_LEVEL = "-Onone";
			};
			name = Debug;
		};
		1CF8A6722AE87A09008534A7 /* Release */ = {
			isa = XCBuildConfiguration;
			buildSettings = {
				ALWAYS_SEARCH_USER_PATHS = NO;
				ASSETCATALOG_COMPILER_GENERATE_SWIFT_ASSET_SYMBOL_EXTENSIONS = YES;
				CLANG_ANALYZER_NONNULL = YES;
				CLANG_ANALYZER_NUMBER_OBJECT_CONVERSION = YES_AGGRESSIVE;
				CLANG_CXX_LANGUAGE_STANDARD = "gnu++20";
				CLANG_ENABLE_MODULES = YES;
				CLANG_ENABLE_OBJC_ARC = YES;
				CLANG_ENABLE_OBJC_WEAK = YES;
				CLANG_WARN_BLOCK_CAPTURE_AUTORELEASING = YES;
				CLANG_WARN_BOOL_CONVERSION = YES;
				CLANG_WARN_COMMA = YES;
				CLANG_WARN_CONSTANT_CONVERSION = YES;
				CLANG_WARN_DEPRECATED_OBJC_IMPLEMENTATIONS = YES;
				CLANG_WARN_DIRECT_OBJC_ISA_USAGE = YES_ERROR;
				CLANG_WARN_DOCUMENTATION_COMMENTS = YES;
				CLANG_WARN_EMPTY_BODY = YES;
				CLANG_WARN_ENUM_CONVERSION = YES;
				CLANG_WARN_INFINITE_RECURSION = YES;
				CLANG_WARN_INT_CONVERSION = YES;
				CLANG_WARN_NON_LITERAL_NULL_CONVERSION = YES;
				CLANG_WARN_OBJC_IMPLICIT_RETAIN_SELF = YES;
				CLANG_WARN_OBJC_LITERAL_CONVERSION = YES;
				CLANG_WARN_OBJC_ROOT_CLASS = YES_ERROR;
				CLANG_WARN_QUOTED_INCLUDE_IN_FRAMEWORK_HEADER = YES;
				CLANG_WARN_RANGE_LOOP_ANALYSIS = YES;
				CLANG_WARN_STRICT_PROTOTYPES = YES;
				CLANG_WARN_SUSPICIOUS_MOVE = YES;
				CLANG_WARN_UNGUARDED_AVAILABILITY = YES_AGGRESSIVE;
				CLANG_WARN_UNREACHABLE_CODE = YES;
				CLANG_WARN__DUPLICATE_METHOD_MATCH = YES;
				COPY_PHASE_STRIP = NO;
				DEBUG_INFORMATION_FORMAT = "dwarf-with-dsym";
				ENABLE_NS_ASSERTIONS = NO;
				ENABLE_STRICT_OBJC_MSGSEND = YES;
				ENABLE_USER_SCRIPT_SANDBOXING = YES;
				GCC_C_LANGUAGE_STANDARD = gnu17;
				GCC_NO_COMMON_BLOCKS = YES;
				GCC_WARN_64_TO_32_BIT_CONVERSION = YES;
				GCC_WARN_ABOUT_RETURN_TYPE = YES_ERROR;
				GCC_WARN_UNDECLARED_SELECTOR = YES;
				GCC_WARN_UNINITIALIZED_AUTOS = YES_AGGRESSIVE;
				GCC_WARN_UNUSED_FUNCTION = YES;
				GCC_WARN_UNUSED_VARIABLE = YES;
				IPHONEOS_DEPLOYMENT_TARGET = 15.0;
				LOCALIZATION_PREFERS_STRING_CATALOGS = YES;
				MTL_ENABLE_DEBUG_INFO = NO;
				MTL_FAST_MATH = YES;
				SDKROOT = iphoneos;
				SWIFT_COMPILATION_MODE = wholemodule;
				VALIDATE_PRODUCT = YES;
			};
			name = Release;
		};
		1CF8A6742AE87A09008534A7 /* Debug */ = {
			isa = XCBuildConfiguration;
			buildSettings = {
				ASSETCATALOG_COMPILER_APPICON_NAME = AppIcon;
				ASSETCATALOG_COMPILER_GLOBAL_ACCENT_COLOR_NAME = AccentColor;
				CODE_SIGN_ENTITLEMENTS = KaizenX/Configurations/KaizenX.entitlements;
				CODE_SIGN_STYLE = Automatic;
				CURRENT_PROJECT_VERSION = 1;
				DEVELOPMENT_ASSET_PATHS = "\"KaizenX/Preview Content\"";
				DEVELOPMENT_TEAM = 5RR3Q663V8;
				ENABLE_PREVIEWS = YES;
				GENERATE_INFOPLIST_FILE = YES;
				INFOPLIST_FILE = KaizenX/Configurations/Info.plist;
				INFOPLIST_KEY_LSApplicationCategoryType = "";
				INFOPLIST_KEY_NSHealthShareUsageDescription = "Aplicația necesită acces la datele despre activitatea fizică pentru a monitoriza pașii.";
				INFOPLIST_KEY_NSPhotoLibraryUsageDescription = "Această aplicație necesită accesul la galeria foto pentru a selecta imagini de profil";
				INFOPLIST_KEY_UIApplicationSceneManifest_Generation = YES;
				INFOPLIST_KEY_UIApplicationSupportsIndirectInputEvents = YES;
				INFOPLIST_KEY_UILaunchScreen_Generation = YES;
				INFOPLIST_KEY_UISupportedInterfaceOrientations_iPad = "UIInterfaceOrientationPortrait UIInterfaceOrientationPortraitUpsideDown UIInterfaceOrientationLandscapeLeft UIInterfaceOrientationLandscapeRight";
				INFOPLIST_KEY_UISupportedInterfaceOrientations_iPhone = "UIInterfaceOrientationPortrait UIInterfaceOrientationLandscapeLeft UIInterfaceOrientationLandscapeRight";
				IPHONEOS_DEPLOYMENT_TARGET = 16.0;
				LD_RUNPATH_SEARCH_PATHS = (
					"$(inherited)",
					"@executable_path/Frameworks",
				);
				MARKETING_VERSION = 1.0;
				PRODUCT_BUNDLE_IDENTIFIER = ro.csx.KaizenX;
				PRODUCT_NAME = "$(TARGET_NAME)";
				SWIFT_EMIT_LOC_STRINGS = YES;
				SWIFT_VERSION = 5.0;
				TARGETED_DEVICE_FAMILY = "1,2";
			};
			name = Debug;
		};
		1CF8A6752AE87A09008534A7 /* Release */ = {
			isa = XCBuildConfiguration;
			buildSettings = {
				ASSETCATALOG_COMPILER_APPICON_NAME = AppIcon;
				ASSETCATALOG_COMPILER_GLOBAL_ACCENT_COLOR_NAME = AccentColor;
				CODE_SIGN_ENTITLEMENTS = KaizenX/Configurations/KaizenX.entitlements;
				CODE_SIGN_STYLE = Automatic;
				CURRENT_PROJECT_VERSION = 1;
				DEVELOPMENT_ASSET_PATHS = "\"KaizenX/Preview Content\"";
				DEVELOPMENT_TEAM = 5RR3Q663V8;
				ENABLE_PREVIEWS = YES;
				GENERATE_INFOPLIST_FILE = YES;
				INFOPLIST_FILE = KaizenX/Configurations/Info.plist;
				INFOPLIST_KEY_LSApplicationCategoryType = "";
				INFOPLIST_KEY_NSHealthShareUsageDescription = "Aplicația necesită acces la datele despre activitatea fizică pentru a monitoriza pașii.";
				INFOPLIST_KEY_NSPhotoLibraryUsageDescription = "Această aplicație necesită accesul la galeria foto pentru a selecta imagini de profil";
				INFOPLIST_KEY_UIApplicationSceneManifest_Generation = YES;
				INFOPLIST_KEY_UIApplicationSupportsIndirectInputEvents = YES;
				INFOPLIST_KEY_UILaunchScreen_Generation = YES;
				INFOPLIST_KEY_UISupportedInterfaceOrientations_iPad = "UIInterfaceOrientationPortrait UIInterfaceOrientationPortraitUpsideDown UIInterfaceOrientationLandscapeLeft UIInterfaceOrientationLandscapeRight";
				INFOPLIST_KEY_UISupportedInterfaceOrientations_iPhone = "UIInterfaceOrientationPortrait UIInterfaceOrientationLandscapeLeft UIInterfaceOrientationLandscapeRight";
				IPHONEOS_DEPLOYMENT_TARGET = 16.0;
				LD_RUNPATH_SEARCH_PATHS = (
					"$(inherited)",
					"@executable_path/Frameworks",
				);
				MARKETING_VERSION = 1.0;
				PRODUCT_BUNDLE_IDENTIFIER = ro.csx.KaizenX;
				PRODUCT_NAME = "$(TARGET_NAME)";
				SWIFT_EMIT_LOC_STRINGS = YES;
				SWIFT_VERSION = 5.0;
				TARGETED_DEVICE_FAMILY = "1,2";
			};
			name = Release;
		};
/* End XCBuildConfiguration section */

/* Begin XCConfigurationList section */
		1CF8A6602AE87A07008534A7 /* Build configuration list for PBXProject "KaizenX" */ = {
			isa = XCConfigurationList;
			buildConfigurations = (
				1CF8A6712AE87A09008534A7 /* Debug */,
				1CF8A6722AE87A09008534A7 /* Release */,
			);
			defaultConfigurationIsVisible = 0;
			defaultConfigurationName = Release;
		};
		1CF8A6732AE87A09008534A7 /* Build configuration list for PBXNativeTarget "KaizenX" */ = {
			isa = XCConfigurationList;
			buildConfigurations = (
				1CF8A6742AE87A09008534A7 /* Debug */,
				1CF8A6752AE87A09008534A7 /* Release */,
			);
			defaultConfigurationIsVisible = 0;
			defaultConfigurationName = Release;
		};
/* End XCConfigurationList section */

/* Begin XCRemoteSwiftPackageReference section */
		1C19F8B62AF7AE90007BDDE4 /* XCRemoteSwiftPackageReference "GoogleSignIn-iOS" */ = {
			isa = XCRemoteSwiftPackageReference;
			repositoryURL = "https://github.com/google/GoogleSignIn-iOS.git";
			requirement = {
				kind = upToNextMajorVersion;
				minimumVersion = 7.0.0;
			};
		};
		1CF8A67D2AE87E19008534A7 /* XCRemoteSwiftPackageReference "firebase-ios-sdk" */ = {
			isa = XCRemoteSwiftPackageReference;
			repositoryURL = "https://github.com/firebase/firebase-ios-sdk";
			requirement = {
				kind = upToNextMajorVersion;
				minimumVersion = 10.16.0;
			};
		};
/* End XCRemoteSwiftPackageReference section */

/* Begin XCSwiftPackageProductDependency section */
		1C0415E82B14BFD1008B7E98 /* FirebaseStorage */ = {
			isa = XCSwiftPackageProductDependency;
			package = 1CF8A67D2AE87E19008534A7 /* XCRemoteSwiftPackageReference "firebase-ios-sdk" */;
			productName = FirebaseStorage;
		};
		1C19F8B42AF26F16007BDDE4 /* FirebaseAnalytics */ = {
			isa = XCSwiftPackageProductDependency;
			package = 1CF8A67D2AE87E19008534A7 /* XCRemoteSwiftPackageReference "firebase-ios-sdk" */;
			productName = FirebaseAnalytics;
		};
		1C19F8B72AF7AE90007BDDE4 /* GoogleSignIn */ = {
			isa = XCSwiftPackageProductDependency;
			package = 1C19F8B62AF7AE90007BDDE4 /* XCRemoteSwiftPackageReference "GoogleSignIn-iOS" */;
			productName = GoogleSignIn;
		};
		1C19F8B92AF7AE90007BDDE4 /* GoogleSignInSwift */ = {
			isa = XCSwiftPackageProductDependency;
			package = 1C19F8B62AF7AE90007BDDE4 /* XCRemoteSwiftPackageReference "GoogleSignIn-iOS" */;
			productName = GoogleSignInSwift;
		};
		1CCA53E02B0DB22A005EA3DA /* FirebaseFirestore */ = {
			isa = XCSwiftPackageProductDependency;
			package = 1CF8A67D2AE87E19008534A7 /* XCRemoteSwiftPackageReference "firebase-ios-sdk" */;
			productName = FirebaseFirestore;
		};
		1CCA53E22B0DB22A005EA3DA /* FirebaseFirestoreSwift */ = {
			isa = XCSwiftPackageProductDependency;
			package = 1CF8A67D2AE87E19008534A7 /* XCRemoteSwiftPackageReference "firebase-ios-sdk" */;
			productName = FirebaseFirestoreSwift;
		};
		1CF8A6802AE87E19008534A7 /* FirebaseAnalyticsSwift */ = {
			isa = XCSwiftPackageProductDependency;
			package = 1CF8A67D2AE87E19008534A7 /* XCRemoteSwiftPackageReference "firebase-ios-sdk" */;
			productName = FirebaseAnalyticsSwift;
		};
		1CF8A6832AE87F7F008534A7 /* FirebaseAuth */ = {
			isa = XCSwiftPackageProductDependency;
			package = 1CF8A67D2AE87E19008534A7 /* XCRemoteSwiftPackageReference "firebase-ios-sdk" */;
			productName = FirebaseAuth;
		};
/* End XCSwiftPackageProductDependency section */
	};
	rootObject = 1CF8A65D2AE87A07008534A7 /* Project object */;
}
